{
  "name": "test-modulo-npm",
  "version": "1.0.0",
  "lockfileVersion": 3,
  "requires": true,
  "packages": {
    "": {
      "name": "test-modulo-npm",
      "version": "1.0.0",
      "license": "ISC",
      "dependencies": {
        "clase33-npm": "^1.0.1"
      }
    },
    "node_modules/clase33-npm": {
      "version": "1.0.1",
      "resolved": "https://registry.npmjs.org/clase33-npm/-/clase33-npm-1.0.1.tgz",
      "integrity": "sha512-I7l7hFwbHnaBacmbNUxrgNl9mCVcBL99nTCMNMmIvLsBKmHXA0zgQCUY3DTpwclDfFXKlAdKkvhwXFNfGllR0Q=="
    }
  }
}
